
Microsoft Visual Studio Solution File, Format Version 12.00
Project("{FAE04EC0-301F-11D3-BF4B-00C04F79EFBC}") = "WebApp", "WebApp\WebApp.csproj", "{21699C12-9F03-4CA7-9EBA-45B336CDAC2F}"
EndProject
Project("{FAE04EC0-301F-11D3-BF4B-00C04F79EFBC}") = "Domain.App", "Domain.App\Domain.App.csproj", "{E18789C8-598E-4F47-A1E0-50F11C1477DC}"
EndProject
Project("{FAE04EC0-301F-11D3-BF4B-00C04F79EFBC}") = "DAL.Base", "DAL.Base\DAL.Base.csproj", "{5715E7A5-E53A-4A71-A380-1F78582B8A4A}"
EndProject
Project("{FAE04EC0-301F-11D3-BF4B-00C04F79EFBC}") = "DAL.App.EF", "DAL.App.EF\DAL.App.EF.csproj", "{0DE8332E-0CAF-4BFF-B662-6FC94B1BA0C9}"
EndProject
Project("{FAE04EC0-301F-11D3-BF4B-00C04F79EFBC}") = "Contracts.DAL.App", "Contracts.DAL.App\Contracts.DAL.App.csproj", "{020A9498-60BE-4500-BF64-1811F4C33154}"
EndProject
Project("{2150E333-8FDC-42A3-9474-1A3956D46DE8}") = "_SolutionFiles", "_SolutionFiles", "{34087449-1488-4405-9475-DB64EDD45215}"
ProjectSection(SolutionItems) = preProject
	..\Documentation\README.md = ..\Documentation\README.md
	..\.gitignore = ..\.gitignore
EndProjectSection
EndProject
Project("{FAE04EC0-301F-11D3-BF4B-00C04F79EFBC}") = "DAL.Base.EF", "DAL.Base.EF\DAL.Base.EF.csproj", "{AE9D86A3-69C1-40D0-ACAA-2483F6B0AFDD}"
EndProject
Project("{FAE04EC0-301F-11D3-BF4B-00C04F79EFBC}") = "Extensions", "Extensions\Extensions.csproj", "{414B07A7-F1A0-45B7-BC2E-747CADE19B93}"
EndProject
Project("{FAE04EC0-301F-11D3-BF4B-00C04F79EFBC}") = "PublicApi.DTO.V1", "PublicApi.DTO.V1\PublicApi.DTO.V1.csproj", "{64BA315F-9A16-4D16-8C59-2D1B14F042ED}"
EndProject
Project("{2150E333-8FDC-42A3-9474-1A3956D46DE8}") = "DAL", "DAL", "{B08C71A8-5458-4000-89CF-5CD719259332}"
EndProject
Project("{FAE04EC0-301F-11D3-BF4B-00C04F79EFBC}") = "DAL.App.DTO", "DAL\DAL.App.DTO\DAL.App.DTO.csproj", "{1AC7594C-780A-4CA2-9B9A-D45E3D8FD069}"
EndProject
Project("{2150E333-8FDC-42A3-9474-1A3956D46DE8}") = "BLL", "BLL", "{8DD5C077-A7F5-429B-8FBE-FC5A639D2650}"
EndProject
Project("{FAE04EC0-301F-11D3-BF4B-00C04F79EFBC}") = "BLL.App", "BLL.App\BLL.App.csproj", "{60AFC85D-8DCE-458B-89A9-E42E0C29DD66}"
EndProject
Project("{FAE04EC0-301F-11D3-BF4B-00C04F79EFBC}") = "BLL.App.DTO", "BLL.App.DTO\BLL.App.DTO.csproj", "{CC3EA73B-3DEA-45BD-ACDF-F619C958C1F9}"
EndProject
Project("{FAE04EC0-301F-11D3-BF4B-00C04F79EFBC}") = "BLL.Base", "BLL.Base\BLL.Base.csproj", "{4C32CFBB-83BB-4CE2-AB9D-5D238B0D49E7}"
EndProject
Project("{FAE04EC0-301F-11D3-BF4B-00C04F79EFBC}") = "Contracts.BLL.App", "Contracts.BLL.App\Contracts.BLL.App.csproj", "{65ED2F8D-1825-46B8-8B73-0F330DD39D7D}"
EndProject
Project("{FAE04EC0-301F-11D3-BF4B-00C04F79EFBC}") = "Contracts.BLL.Base", "Contracts.BLL.Base\Contracts.BLL.Base.csproj", "{1EA0A6CB-95FB-4D8C-B695-CBDCDD8E3BB2}"
EndProject
Global
	GlobalSection(SolutionConfigurationPlatforms) = preSolution
		Debug|Any CPU = Debug|Any CPU
		Release|Any CPU = Release|Any CPU
	EndGlobalSection
	GlobalSection(ProjectConfigurationPlatforms) = postSolution
		{21699C12-9F03-4CA7-9EBA-45B336CDAC2F}.Debug|Any CPU.ActiveCfg = Debug|Any CPU
		{21699C12-9F03-4CA7-9EBA-45B336CDAC2F}.Debug|Any CPU.Build.0 = Debug|Any CPU
		{21699C12-9F03-4CA7-9EBA-45B336CDAC2F}.Release|Any CPU.ActiveCfg = Release|Any CPU
		{21699C12-9F03-4CA7-9EBA-45B336CDAC2F}.Release|Any CPU.Build.0 = Release|Any CPU
		{E18789C8-598E-4F47-A1E0-50F11C1477DC}.Debug|Any CPU.ActiveCfg = Debug|Any CPU
		{E18789C8-598E-4F47-A1E0-50F11C1477DC}.Debug|Any CPU.Build.0 = Debug|Any CPU
		{E18789C8-598E-4F47-A1E0-50F11C1477DC}.Release|Any CPU.ActiveCfg = Release|Any CPU
		{E18789C8-598E-4F47-A1E0-50F11C1477DC}.Release|Any CPU.Build.0 = Release|Any CPU
		{5715E7A5-E53A-4A71-A380-1F78582B8A4A}.Debug|Any CPU.ActiveCfg = Debug|Any CPU
		{5715E7A5-E53A-4A71-A380-1F78582B8A4A}.Debug|Any CPU.Build.0 = Debug|Any CPU
		{5715E7A5-E53A-4A71-A380-1F78582B8A4A}.Release|Any CPU.ActiveCfg = Release|Any CPU
		{5715E7A5-E53A-4A71-A380-1F78582B8A4A}.Release|Any CPU.Build.0 = Release|Any CPU
		{0DE8332E-0CAF-4BFF-B662-6FC94B1BA0C9}.Debug|Any CPU.ActiveCfg = Debug|Any CPU
		{0DE8332E-0CAF-4BFF-B662-6FC94B1BA0C9}.Debug|Any CPU.Build.0 = Debug|Any CPU
		{0DE8332E-0CAF-4BFF-B662-6FC94B1BA0C9}.Release|Any CPU.ActiveCfg = Release|Any CPU
		{0DE8332E-0CAF-4BFF-B662-6FC94B1BA0C9}.Release|Any CPU.Build.0 = Release|Any CPU
		{020A9498-60BE-4500-BF64-1811F4C33154}.Debug|Any CPU.ActiveCfg = Debug|Any CPU
		{020A9498-60BE-4500-BF64-1811F4C33154}.Debug|Any CPU.Build.0 = Debug|Any CPU
		{020A9498-60BE-4500-BF64-1811F4C33154}.Release|Any CPU.ActiveCfg = Release|Any CPU
		{020A9498-60BE-4500-BF64-1811F4C33154}.Release|Any CPU.Build.0 = Release|Any CPU
		{AE9D86A3-69C1-40D0-ACAA-2483F6B0AFDD}.Debug|Any CPU.ActiveCfg = Debug|Any CPU
		{AE9D86A3-69C1-40D0-ACAA-2483F6B0AFDD}.Debug|Any CPU.Build.0 = Debug|Any CPU
		{AE9D86A3-69C1-40D0-ACAA-2483F6B0AFDD}.Release|Any CPU.ActiveCfg = Release|Any CPU
		{AE9D86A3-69C1-40D0-ACAA-2483F6B0AFDD}.Release|Any CPU.Build.0 = Release|Any CPU
		{414B07A7-F1A0-45B7-BC2E-747CADE19B93}.Debug|Any CPU.ActiveCfg = Debug|Any CPU
		{414B07A7-F1A0-45B7-BC2E-747CADE19B93}.Debug|Any CPU.Build.0 = Debug|Any CPU
		{414B07A7-F1A0-45B7-BC2E-747CADE19B93}.Release|Any CPU.ActiveCfg = Release|Any CPU
		{414B07A7-F1A0-45B7-BC2E-747CADE19B93}.Release|Any CPU.Build.0 = Release|Any CPU
		{64BA315F-9A16-4D16-8C59-2D1B14F042ED}.Debug|Any CPU.ActiveCfg = Debug|Any CPU
		{64BA315F-9A16-4D16-8C59-2D1B14F042ED}.Debug|Any CPU.Build.0 = Debug|Any CPU
		{64BA315F-9A16-4D16-8C59-2D1B14F042ED}.Release|Any CPU.ActiveCfg = Release|Any CPU
		{64BA315F-9A16-4D16-8C59-2D1B14F042ED}.Release|Any CPU.Build.0 = Release|Any CPU
		{1AC7594C-780A-4CA2-9B9A-D45E3D8FD069}.Debug|Any CPU.ActiveCfg = Debug|Any CPU
		{1AC7594C-780A-4CA2-9B9A-D45E3D8FD069}.Debug|Any CPU.Build.0 = Debug|Any CPU
		{1AC7594C-780A-4CA2-9B9A-D45E3D8FD069}.Release|Any CPU.ActiveCfg = Release|Any CPU
		{1AC7594C-780A-4CA2-9B9A-D45E3D8FD069}.Release|Any CPU.Build.0 = Release|Any CPU
		{60AFC85D-8DCE-458B-89A9-E42E0C29DD66}.Debug|Any CPU.ActiveCfg = Debug|Any CPU
		{60AFC85D-8DCE-458B-89A9-E42E0C29DD66}.Debug|Any CPU.Build.0 = Debug|Any CPU
		{60AFC85D-8DCE-458B-89A9-E42E0C29DD66}.Release|Any CPU.ActiveCfg = Release|Any CPU
		{60AFC85D-8DCE-458B-89A9-E42E0C29DD66}.Release|Any CPU.Build.0 = Release|Any CPU
		{CC3EA73B-3DEA-45BD-ACDF-F619C958C1F9}.Debug|Any CPU.ActiveCfg = Debug|Any CPU
		{CC3EA73B-3DEA-45BD-ACDF-F619C958C1F9}.Debug|Any CPU.Build.0 = Debug|Any CPU
		{CC3EA73B-3DEA-45BD-ACDF-F619C958C1F9}.Release|Any CPU.ActiveCfg = Release|Any CPU
		{CC3EA73B-3DEA-45BD-ACDF-F619C958C1F9}.Release|Any CPU.Build.0 = Release|Any CPU
		{4C32CFBB-83BB-4CE2-AB9D-5D238B0D49E7}.Debug|Any CPU.ActiveCfg = Debug|Any CPU
		{4C32CFBB-83BB-4CE2-AB9D-5D238B0D49E7}.Debug|Any CPU.Build.0 = Debug|Any CPU
		{4C32CFBB-83BB-4CE2-AB9D-5D238B0D49E7}.Release|Any CPU.ActiveCfg = Release|Any CPU
		{4C32CFBB-83BB-4CE2-AB9D-5D238B0D49E7}.Release|Any CPU.Build.0 = Release|Any CPU
		{65ED2F8D-1825-46B8-8B73-0F330DD39D7D}.Debug|Any CPU.ActiveCfg = Debug|Any CPU
		{65ED2F8D-1825-46B8-8B73-0F330DD39D7D}.Debug|Any CPU.Build.0 = Debug|Any CPU
		{65ED2F8D-1825-46B8-8B73-0F330DD39D7D}.Release|Any CPU.ActiveCfg = Release|Any CPU
		{65ED2F8D-1825-46B8-8B73-0F330DD39D7D}.Release|Any CPU.Build.0 = Release|Any CPU
		{1EA0A6CB-95FB-4D8C-B695-CBDCDD8E3BB2}.Debug|Any CPU.ActiveCfg = Debug|Any CPU
		{1EA0A6CB-95FB-4D8C-B695-CBDCDD8E3BB2}.Debug|Any CPU.Build.0 = Debug|Any CPU
		{1EA0A6CB-95FB-4D8C-B695-CBDCDD8E3BB2}.Release|Any CPU.ActiveCfg = Release|Any CPU
		{1EA0A6CB-95FB-4D8C-B695-CBDCDD8E3BB2}.Release|Any CPU.Build.0 = Release|Any CPU
	EndGlobalSection
	GlobalSection(NestedProjects) = preSolution
		{AE9D86A3-69C1-40D0-ACAA-2483F6B0AFDD} = {B08C71A8-5458-4000-89CF-5CD719259332}
		{5715E7A5-E53A-4A71-A380-1F78582B8A4A} = {B08C71A8-5458-4000-89CF-5CD719259332}
		{0DE8332E-0CAF-4BFF-B662-6FC94B1BA0C9} = {B08C71A8-5458-4000-89CF-5CD719259332}
		{020A9498-60BE-4500-BF64-1811F4C33154} = {B08C71A8-5458-4000-89CF-5CD719259332}
		{1AC7594C-780A-4CA2-9B9A-D45E3D8FD069} = {B08C71A8-5458-4000-89CF-5CD719259332}
		{60AFC85D-8DCE-458B-89A9-E42E0C29DD66} = {8DD5C077-A7F5-429B-8FBE-FC5A639D2650}
		{CC3EA73B-3DEA-45BD-ACDF-F619C958C1F9} = {8DD5C077-A7F5-429B-8FBE-FC5A639D2650}
		{4C32CFBB-83BB-4CE2-AB9D-5D238B0D49E7} = {8DD5C077-A7F5-429B-8FBE-FC5A639D2650}
		{65ED2F8D-1825-46B8-8B73-0F330DD39D7D} = {8DD5C077-A7F5-429B-8FBE-FC5A639D2650}
		{1EA0A6CB-95FB-4D8C-B695-CBDCDD8E3BB2} = {8DD5C077-A7F5-429B-8FBE-FC5A639D2650}
	EndGlobalSection
EndGlobal
