
Microsoft Visual Studio Solution File, Format Version 12.00
Project("{FAE04EC0-301F-11D3-BF4B-00C04F79EFBC}") = "Contracts.Domain", "Contracts.Domain\Contracts.Domain.csproj", "{087D6622-E57C-4DA2-8C1D-EF96C9E692BE}"
EndProject
Project("{2150E333-8FDC-42A3-9474-1A3956D46DE8}") = "SolutionItems", "SolutionItems", "{98AEDEB3-2F72-4598-B9D3-8753A52D9FCB}"
ProjectSection(SolutionItems) = preProject
	Directory.Build.props = Directory.Build.props
	publish_nuget.sh = publish_nuget.sh
EndProjectSection
EndProject
Global
	GlobalSection(SolutionConfigurationPlatforms) = preSolution
		Debug|Any CPU = Debug|Any CPU
		Release|Any CPU = Release|Any CPU
	EndGlobalSection
	GlobalSection(ProjectConfigurationPlatforms) = postSolution
		{087D6622-E57C-4DA2-8C1D-EF96C9E692BE}.Debug|Any CPU.ActiveCfg = Debug|Any CPU
		{087D6622-E57C-4DA2-8C1D-EF96C9E692BE}.Debug|Any CPU.Build.0 = Debug|Any CPU
		{087D6622-E57C-4DA2-8C1D-EF96C9E692BE}.Release|Any CPU.ActiveCfg = Release|Any CPU
		{087D6622-E57C-4DA2-8C1D-EF96C9E692BE}.Release|Any CPU.Build.0 = Release|Any CPU
	EndGlobalSection
EndGlobal
